<?xml version="1.0" encoding="utf-8"?>
<Project ToolsVersion="4.0" xmlns="http://schemas.microsoft.com/developer/msbuild/2003">
  <ItemGroup>
    <ClCompile Include="src\Application.cpp" />
    <ClCompile Include="src\Main.cpp" />
    <ClCompile Include="vendors\ImGui\imgui_impl_opengl3.cpp">
      <Filter>Vendors\ImGui</Filter>
    </ClCompile>
    <ClCompile Include="vendors\ImGui\imgui_impl_sdl.cpp">
      <Filter>Vendors\ImGui</Filter>
    </ClCompile>
    <ClCompile Include="src\modules\ModuleInput.cpp">
      <Filter>Modules</Filter>
    </ClCompile>
    <ClCompile Include="src\modules\ModuleRender.cpp">
      <Filter>Modules</Filter>
    </ClCompile>
    <ClCompile Include="src\modules\ModuleWindow.cpp">
      <Filter>Modules</Filter>
    </ClCompile>
    <ClCompile Include="vendors\ImGui\imgui.cpp">
      <Filter>Vendors\ImGui</Filter>
    </ClCompile>
    <ClCompile Include="vendors\ImGui\imgui_draw.cpp">
      <Filter>Vendors\ImGui</Filter>
    </ClCompile>
    <ClCompile Include="vendors\ImGui\imgui_tables.cpp">
      <Filter>Vendors\ImGui</Filter>
    </ClCompile>
    <ClCompile Include="vendors\ImGui\imgui_widgets.cpp">
      <Filter>Vendors\ImGui</Filter>
    </ClCompile>
    <ClCompile Include="vendors\MathGeoLib\include\Math\BitOps.cpp">
      <Filter>Vendors\MathGeoLib\Math</Filter>
    </ClCompile>
    <ClCompile Include="vendors\MathGeoLib\include\Math\Callstack.cpp">
      <Filter>Vendors\MathGeoLib\Math</Filter>
    </ClCompile>
    <ClCompile Include="vendors\MathGeoLib\include\Math\float2.cpp">
      <Filter>Vendors\MathGeoLib\Math</Filter>
    </ClCompile>
    <ClCompile Include="vendors\MathGeoLib\include\Math\float3.cpp">
      <Filter>Vendors\MathGeoLib\Math</Filter>
    </ClCompile>
    <ClCompile Include="vendors\MathGeoLib\include\Math\float3x3.cpp">
      <Filter>Vendors\MathGeoLib\Math</Filter>
    </ClCompile>
    <ClCompile Include="vendors\MathGeoLib\include\Math\float3x4.cpp">
      <Filter>Vendors\MathGeoLib\Math</Filter>
    </ClCompile>
    <ClCompile Include="vendors\MathGeoLib\include\Math\float4.cpp">
      <Filter>Vendors\MathGeoLib\Math</Filter>
    </ClCompile>
    <ClCompile Include="vendors\MathGeoLib\include\Math\float4d.cpp">
      <Filter>Vendors\MathGeoLib\Math</Filter>
    </ClCompile>
    <ClCompile Include="vendors\MathGeoLib\include\Math\float4x4.cpp">
      <Filter>Vendors\MathGeoLib\Math</Filter>
    </ClCompile>
    <ClCompile Include="vendors\MathGeoLib\include\Math\grisu3.c">
      <Filter>Vendors\MathGeoLib\Math</Filter>
    </ClCompile>
    <ClCompile Include="vendors\MathGeoLib\include\Math\grisu3_cpp.cpp">
      <Filter>Vendors\MathGeoLib\Math</Filter>
    </ClCompile>
    <ClCompile Include="vendors\MathGeoLib\include\Math\MathFunc.cpp">
      <Filter>Vendors\MathGeoLib\Math</Filter>
    </ClCompile>
    <ClCompile Include="vendors\MathGeoLib\include\Math\MathLog.cpp">
      <Filter>Vendors\MathGeoLib\Math</Filter>
    </ClCompile>
    <ClCompile Include="vendors\MathGeoLib\include\Math\MathOps.cpp">
      <Filter>Vendors\MathGeoLib\Math</Filter>
    </ClCompile>
    <ClCompile Include="vendors\MathGeoLib\include\Math\MiniFloat.cpp">
      <Filter>Vendors\MathGeoLib\Math</Filter>
    </ClCompile>
    <ClCompile Include="vendors\MathGeoLib\include\Math\Polynomial.cpp">
      <Filter>Vendors\MathGeoLib\Math</Filter>
    </ClCompile>
    <ClCompile Include="vendors\MathGeoLib\include\Math\Quat.cpp">
      <Filter>Vendors\MathGeoLib\Math</Filter>
    </ClCompile>
    <ClCompile Include="vendors\MathGeoLib\include\Math\SSEMath.cpp">
      <Filter>Vendors\MathGeoLib\Math</Filter>
    </ClCompile>
    <ClCompile Include="vendors\MathGeoLib\include\Math\TransformOps.cpp">
      <Filter>Vendors\MathGeoLib\Math</Filter>
    </ClCompile>
    <ClCompile Include="vendors\MathGeoLib\include\Geometry\AABB.cpp">
      <Filter>Vendors\MathGeoLib\Geometry</Filter>
    </ClCompile>
    <ClCompile Include="vendors\MathGeoLib\include\Geometry\Capsule.cpp">
      <Filter>Vendors\MathGeoLib\Geometry</Filter>
    </ClCompile>
    <ClCompile Include="vendors\MathGeoLib\include\Geometry\Circle.cpp">
      <Filter>Vendors\MathGeoLib\Geometry</Filter>
    </ClCompile>
    <ClCompile Include="vendors\MathGeoLib\include\Geometry\Circle2D.cpp">
      <Filter>Vendors\MathGeoLib\Geometry</Filter>
    </ClCompile>
    <ClCompile Include="vendors\MathGeoLib\include\Geometry\Frustum.cpp">
      <Filter>Vendors\MathGeoLib\Geometry</Filter>
    </ClCompile>
    <ClCompile Include="vendors\MathGeoLib\include\Geometry\Line.cpp">
      <Filter>Vendors\MathGeoLib\Geometry</Filter>
    </ClCompile>
    <ClCompile Include="vendors\MathGeoLib\include\Geometry\LineSegment.cpp">
      <Filter>Vendors\MathGeoLib\Geometry</Filter>
    </ClCompile>
    <ClCompile Include="vendors\MathGeoLib\include\Geometry\LineSegment2D.cpp">
      <Filter>Vendors\MathGeoLib\Geometry</Filter>
    </ClCompile>
    <ClCompile Include="vendors\MathGeoLib\include\Geometry\OBB.cpp">
      <Filter>Vendors\MathGeoLib\Geometry</Filter>
    </ClCompile>
    <ClCompile Include="vendors\MathGeoLib\include\Geometry\PBVolume.cpp">
      <Filter>Vendors\MathGeoLib\Geometry</Filter>
    </ClCompile>
    <ClCompile Include="vendors\MathGeoLib\include\Geometry\Plane.cpp">
      <Filter>Vendors\MathGeoLib\Geometry</Filter>
    </ClCompile>
    <ClCompile Include="vendors\MathGeoLib\include\Geometry\Polygon.cpp">
      <Filter>Vendors\MathGeoLib\Geometry</Filter>
    </ClCompile>
    <ClCompile Include="vendors\MathGeoLib\include\Geometry\Polyhedron.cpp">
      <Filter>Vendors\MathGeoLib\Geometry</Filter>
    </ClCompile>
    <ClCompile Include="vendors\MathGeoLib\include\Geometry\Ray.cpp">
      <Filter>Vendors\MathGeoLib\Geometry</Filter>
    </ClCompile>
    <ClCompile Include="vendors\MathGeoLib\include\Geometry\Sphere.cpp">
      <Filter>Vendors\MathGeoLib\Geometry</Filter>
    </ClCompile>
    <ClCompile Include="vendors\MathGeoLib\include\Geometry\Triangle.cpp">
      <Filter>Vendors\MathGeoLib\Geometry</Filter>
    </ClCompile>
    <ClCompile Include="vendors\MathGeoLib\include\Geometry\Triangle2D.cpp">
      <Filter>Vendors\MathGeoLib\Geometry</Filter>
    </ClCompile>
    <ClCompile Include="vendors\MathGeoLib\include\Geometry\TriangleMesh.cpp">
      <Filter>Vendors\MathGeoLib\Geometry</Filter>
    </ClCompile>
    <ClCompile Include="vendors\MathGeoLib\include\Algorithm\GJK.cpp">
      <Filter>Vendors\MathGeoLib\Algorithm</Filter>
    </ClCompile>
    <ClCompile Include="vendors\MathGeoLib\include\Algorithm\GJK2D.cpp">
      <Filter>Vendors\MathGeoLib\Algorithm</Filter>
    </ClCompile>
    <ClCompile Include="vendors\MathGeoLib\include\Algorithm\SAT.cpp">
      <Filter>Vendors\MathGeoLib\Algorithm</Filter>
    </ClCompile>
    <ClCompile Include="vendors\MathGeoLib\include\Algorithm\Random\LCG.cpp">
      <Filter>Vendors\MathGeoLib\Algorithm\Random</Filter>
    </ClCompile>
    <ClCompile Include="vendors\MathGeoLib\include\Time\Clock.cpp">
      <Filter>Vendors\MathGeoLib\Time</Filter>
    </ClCompile>
    <ClCompile Include="vendors\DevIL\include\IL\luadevil.c">
      <Filter>Vendors\DevIL</Filter>
    </ClCompile>
    <ClCompile Include="src\core\logging\ConsoleLogger.cpp">
      <Filter>Logging</Filter>
    </ClCompile>
    <ClCompile Include="src\core\logging\ImGuiLogger.cpp">
      <Filter>Logging</Filter>
    </ClCompile>
    <ClCompile Include="src\ui\components\ConsolePanel.cpp">
      <Filter>UI\Components</Filter>
    </ClCompile>
    <ClCompile Include="src\core\util\Timer.cpp">
      <Filter>Util</Filter>
    </ClCompile>
    <ClCompile Include="src\modules\ModuleScene.cpp">
      <Filter>Modules</Filter>
    </ClCompile>
    <ClCompile Include="src\modules\ModuleDebugDraw.cpp">
      <Filter>Modules</Filter>
    </ClCompile>
    <ClCompile Include="src\core\rendering\FrameBuffer.cpp">
      <Filter>Core\Rendering</Filter>
    </ClCompile>
    <ClCompile Include="src\modules\ModuleProgram.cpp">
      <Filter>Modules</Filter>
    </ClCompile>
    <ClCompile Include="src\modules\ModuleTexture.cpp">
      <Filter>Modules</Filter>
    </ClCompile>
    <ClCompile Include="src\core\rendering\Model.cpp">
      <Filter>Core\Rendering</Filter>
    </ClCompile>
    <ClCompile Include="src\core\rendering\Mesh.cpp">
      <Filter>Core\Rendering</Filter>
    </ClCompile>
    <ClCompile Include="src\modules\ModuleEditor.cpp">
      <Filter>Modules</Filter>
    </ClCompile>
    <ClCompile Include="src\modules\ModuleResources.cpp">
      <Filter>Modules</Filter>
    </ClCompile>
    <ClCompile Include="src\modules\ModuleCamera.cpp" />
  </ItemGroup>
  <ItemGroup>
    <ClInclude Include="src\Application.h" />
    <ClInclude Include="src\Globals.h" />
    <ClInclude Include="src\modules\Module.h" />
    <ClInclude Include="vendors\ImGui\imgui_impl_opengl3.h">
      <Filter>Vendors\ImGui</Filter>
    </ClInclude>
    <ClInclude Include="vendors\ImGui\imgui_impl_opengl3_loader.h">
      <Filter>Vendors\ImGui</Filter>
    </ClInclude>
    <ClInclude Include="vendors\ImGui\imgui_impl_sdl.h">
      <Filter>Vendors\ImGui</Filter>
    </ClInclude>
    <ClInclude Include="src\modules\ModuleInput.h">
      <Filter>Modules</Filter>
    </ClInclude>
    <ClInclude Include="src\modules\ModuleRender.h">
      <Filter>Modules</Filter>
    </ClInclude>
    <ClInclude Include="src\modules\ModuleWindow.h">
      <Filter>Modules</Filter>
    </ClInclude>
    <ClInclude Include="vendors\ImGui\imconfig.h">
      <Filter>Vendors\ImGui</Filter>
    </ClInclude>
    <ClInclude Include="vendors\ImGui\imgui.h">
      <Filter>Vendors\ImGui</Filter>
    </ClInclude>
    <ClInclude Include="vendors\ImGui\imgui_internal.h">
      <Filter>Vendors\ImGui</Filter>
    </ClInclude>
    <ClInclude Include="vendors\ImGui\imstb_rectpack.h">
      <Filter>Vendors\ImGui</Filter>
    </ClInclude>
    <ClInclude Include="vendors\ImGui\imstb_textedit.h">
      <Filter>Vendors\ImGui</Filter>
    </ClInclude>
    <ClInclude Include="vendors\ImGui\imstb_truetype.h">
      <Filter>Vendors\ImGui</Filter>
    </ClInclude>
    <ClInclude Include="vendors\MathGeoLib\include\MathBuildConfig.h">
      <Filter>Vendors\MathGeoLib</Filter>
    </ClInclude>
    <ClInclude Include="vendors\MathGeoLib\include\MathGeoLib.h">
      <Filter>Vendors\MathGeoLib</Filter>
    </ClInclude>
    <ClInclude Include="vendors\MathGeoLib\include\MathGeoLibFwd.h">
      <Filter>Vendors\MathGeoLib</Filter>
    </ClInclude>
    <ClInclude Include="vendors\MathGeoLib\include\Math\assume.h">
      <Filter>Vendors\MathGeoLib\Math</Filter>
    </ClInclude>
    <ClInclude Include="vendors\MathGeoLib\include\Math\BitFuncs.h">
      <Filter>Vendors\MathGeoLib\Math</Filter>
    </ClInclude>
    <ClInclude Include="vendors\MathGeoLib\include\Math\BitOps.h">
      <Filter>Vendors\MathGeoLib\Math</Filter>
    </ClInclude>
    <ClInclude Include="vendors\MathGeoLib\include\Math\Callstack.h">
      <Filter>Vendors\MathGeoLib\Math</Filter>
    </ClInclude>
    <ClInclude Include="vendors\MathGeoLib\include\Math\FixedPoint.h">
      <Filter>Vendors\MathGeoLib\Math</Filter>
    </ClInclude>
    <ClInclude Include="vendors\MathGeoLib\include\Math\float2.h">
      <Filter>Vendors\MathGeoLib\Math</Filter>
    </ClInclude>
    <ClInclude Include="vendors\MathGeoLib\include\Math\float3.h">
      <Filter>Vendors\MathGeoLib\Math</Filter>
    </ClInclude>
    <ClInclude Include="vendors\MathGeoLib\include\Math\float3x3.h">
      <Filter>Vendors\MathGeoLib\Math</Filter>
    </ClInclude>
    <ClInclude Include="vendors\MathGeoLib\include\Math\float3x4.h">
      <Filter>Vendors\MathGeoLib\Math</Filter>
    </ClInclude>
    <ClInclude Include="vendors\MathGeoLib\include\Math\float4.h">
      <Filter>Vendors\MathGeoLib\Math</Filter>
    </ClInclude>
    <ClInclude Include="vendors\MathGeoLib\include\Math\float4_neon.h">
      <Filter>Vendors\MathGeoLib\Math</Filter>
    </ClInclude>
    <ClInclude Include="vendors\MathGeoLib\include\Math\float4_sse.h">
      <Filter>Vendors\MathGeoLib\Math</Filter>
    </ClInclude>
    <ClInclude Include="vendors\MathGeoLib\include\Math\float4d.h">
      <Filter>Vendors\MathGeoLib\Math</Filter>
    </ClInclude>
    <ClInclude Include="vendors\MathGeoLib\include\Math\float4x4.h">
      <Filter>Vendors\MathGeoLib\Math</Filter>
    </ClInclude>
    <ClInclude Include="vendors\MathGeoLib\include\Math\float4x4_neon.h">
      <Filter>Vendors\MathGeoLib\Math</Filter>
    </ClInclude>
    <ClInclude Include="vendors\MathGeoLib\include\Math\float4x4_sse.h">
      <Filter>Vendors\MathGeoLib\Math</Filter>
    </ClInclude>
    <ClInclude Include="vendors\MathGeoLib\include\Math\FloatCmp.h">
      <Filter>Vendors\MathGeoLib\Math</Filter>
    </ClInclude>
    <ClInclude Include="vendors\MathGeoLib\include\Math\grisu3.h">
      <Filter>Vendors\MathGeoLib\Math</Filter>
    </ClInclude>
    <ClInclude Include="vendors\MathGeoLib\include\Math\InclWindows.h">
      <Filter>Vendors\MathGeoLib\Math</Filter>
    </ClInclude>
    <ClInclude Include="vendors\MathGeoLib\include\Math\Interpolate.h">
      <Filter>Vendors\MathGeoLib\Math</Filter>
    </ClInclude>
    <ClInclude Include="vendors\MathGeoLib\include\Math\MathAll.h">
      <Filter>Vendors\MathGeoLib\Math</Filter>
    </ClInclude>
    <ClInclude Include="vendors\MathGeoLib\include\Math\MathConstants.h">
      <Filter>Vendors\MathGeoLib\Math</Filter>
    </ClInclude>
    <ClInclude Include="vendors\MathGeoLib\include\Math\MathFunc.h">
      <Filter>Vendors\MathGeoLib\Math</Filter>
    </ClInclude>
    <ClInclude Include="vendors\MathGeoLib\include\Math\MathLog.h">
      <Filter>Vendors\MathGeoLib\Math</Filter>
    </ClInclude>
    <ClInclude Include="vendors\MathGeoLib\include\Math\MathNamespace.h">
      <Filter>Vendors\MathGeoLib\Math</Filter>
    </ClInclude>
    <ClInclude Include="vendors\MathGeoLib\include\Math\MathTypes.h">
      <Filter>Vendors\MathGeoLib\Math</Filter>
    </ClInclude>
    <ClInclude Include="vendors\MathGeoLib\include\Math\MatrixProxy.h">
      <Filter>Vendors\MathGeoLib\Math</Filter>
    </ClInclude>
    <ClInclude Include="vendors\MathGeoLib\include\Math\MiniFloat.h">
      <Filter>Vendors\MathGeoLib\Math</Filter>
    </ClInclude>
    <ClInclude Include="vendors\MathGeoLib\include\Math\MultiLineMacro.h">
      <Filter>Vendors\MathGeoLib\Math</Filter>
    </ClInclude>
    <ClInclude Include="vendors\MathGeoLib\include\Math\myassert.h">
      <Filter>Vendors\MathGeoLib\Math</Filter>
    </ClInclude>
    <ClInclude Include="vendors\MathGeoLib\include\Math\Polynomial.h">
      <Filter>Vendors\MathGeoLib\Math</Filter>
    </ClInclude>
    <ClInclude Include="vendors\MathGeoLib\include\Math\Quat.h">
      <Filter>Vendors\MathGeoLib\Math</Filter>
    </ClInclude>
    <ClInclude Include="vendors\MathGeoLib\include\Math\quat_simd.h">
      <Filter>Vendors\MathGeoLib\Math</Filter>
    </ClInclude>
    <ClInclude Include="vendors\MathGeoLib\include\Math\Rect.h">
      <Filter>Vendors\MathGeoLib\Math</Filter>
    </ClInclude>
    <ClInclude Include="vendors\MathGeoLib\include\Math\Reinterpret.h">
      <Filter>Vendors\MathGeoLib\Math</Filter>
    </ClInclude>
    <ClInclude Include="vendors\MathGeoLib\include\Math\simd.h">
      <Filter>Vendors\MathGeoLib\Math</Filter>
    </ClInclude>
    <ClInclude Include="vendors\MathGeoLib\include\Math\sse_mathfun.h">
      <Filter>Vendors\MathGeoLib\Math</Filter>
    </ClInclude>
    <ClInclude Include="vendors\MathGeoLib\include\Math\SSEMath.h">
      <Filter>Vendors\MathGeoLib\Math</Filter>
    </ClInclude>
    <ClInclude Include="vendors\MathGeoLib\include\Math\Swap.h">
      <Filter>Vendors\MathGeoLib\Math</Filter>
    </ClInclude>
    <ClInclude Include="vendors\MathGeoLib\include\Math\TransformOps.h">
      <Filter>Vendors\MathGeoLib\Math</Filter>
    </ClInclude>
    <ClInclude Include="vendors\MathGeoLib\include\Math\vec2d.h">
      <Filter>Vendors\MathGeoLib\Math</Filter>
    </ClInclude>
    <ClInclude Include="vendors\MathGeoLib\include\Geometry\AABB.h">
      <Filter>Vendors\MathGeoLib\Geometry</Filter>
    </ClInclude>
    <ClInclude Include="vendors\MathGeoLib\include\Geometry\AABB2D.h">
      <Filter>Vendors\MathGeoLib\Geometry</Filter>
    </ClInclude>
    <ClInclude Include="vendors\MathGeoLib\include\Geometry\Capsule.h">
      <Filter>Vendors\MathGeoLib\Geometry</Filter>
    </ClInclude>
    <ClInclude Include="vendors\MathGeoLib\include\Geometry\Circle.h">
      <Filter>Vendors\MathGeoLib\Geometry</Filter>
    </ClInclude>
    <ClInclude Include="vendors\MathGeoLib\include\Geometry\Circle2D.h">
      <Filter>Vendors\MathGeoLib\Geometry</Filter>
    </ClInclude>
    <ClInclude Include="vendors\MathGeoLib\include\Geometry\Frustum.h">
      <Filter>Vendors\MathGeoLib\Geometry</Filter>
    </ClInclude>
    <ClInclude Include="vendors\MathGeoLib\include\Geometry\GeometryAll.h">
      <Filter>Vendors\MathGeoLib\Geometry</Filter>
    </ClInclude>
    <ClInclude Include="vendors\MathGeoLib\include\Geometry\GeomType.h">
      <Filter>Vendors\MathGeoLib\Geometry</Filter>
    </ClInclude>
    <ClInclude Include="vendors\MathGeoLib\include\Geometry\HitInfo.h">
      <Filter>Vendors\MathGeoLib\Geometry</Filter>
    </ClInclude>
    <ClInclude Include="vendors\MathGeoLib\include\Geometry\KDTree.h">
      <Filter>Vendors\MathGeoLib\Geometry</Filter>
    </ClInclude>
    <ClInclude Include="vendors\MathGeoLib\include\Geometry\Line.h">
      <Filter>Vendors\MathGeoLib\Geometry</Filter>
    </ClInclude>
    <ClInclude Include="vendors\MathGeoLib\include\Geometry\LineSegment.h">
      <Filter>Vendors\MathGeoLib\Geometry</Filter>
    </ClInclude>
    <ClInclude Include="vendors\MathGeoLib\include\Geometry\LineSegment2D.h">
      <Filter>Vendors\MathGeoLib\Geometry</Filter>
    </ClInclude>
    <ClInclude Include="vendors\MathGeoLib\include\Geometry\OBB.h">
      <Filter>Vendors\MathGeoLib\Geometry</Filter>
    </ClInclude>
    <ClInclude Include="vendors\MathGeoLib\include\Geometry\OBB2D.h">
      <Filter>Vendors\MathGeoLib\Geometry</Filter>
    </ClInclude>
    <ClInclude Include="vendors\MathGeoLib\include\Geometry\PBVolume.h">
      <Filter>Vendors\MathGeoLib\Geometry</Filter>
    </ClInclude>
    <ClInclude Include="vendors\MathGeoLib\include\Geometry\Plane.h">
      <Filter>Vendors\MathGeoLib\Geometry</Filter>
    </ClInclude>
    <ClInclude Include="vendors\MathGeoLib\include\Geometry\Polygon.h">
      <Filter>Vendors\MathGeoLib\Geometry</Filter>
    </ClInclude>
    <ClInclude Include="vendors\MathGeoLib\include\Geometry\Polygon2DRef.h">
      <Filter>Vendors\MathGeoLib\Geometry</Filter>
    </ClInclude>
    <ClInclude Include="vendors\MathGeoLib\include\Geometry\Polyhedron.h">
      <Filter>Vendors\MathGeoLib\Geometry</Filter>
    </ClInclude>
    <ClInclude Include="vendors\MathGeoLib\include\Geometry\QuadTree.h">
      <Filter>Vendors\MathGeoLib\Geometry</Filter>
    </ClInclude>
    <ClInclude Include="vendors\MathGeoLib\include\Geometry\Ray.h">
      <Filter>Vendors\MathGeoLib\Geometry</Filter>
    </ClInclude>
    <ClInclude Include="vendors\MathGeoLib\include\Geometry\Sphere.h">
      <Filter>Vendors\MathGeoLib\Geometry</Filter>
    </ClInclude>
    <ClInclude Include="vendors\MathGeoLib\include\Geometry\Triangle.h">
      <Filter>Vendors\MathGeoLib\Geometry</Filter>
    </ClInclude>
    <ClInclude Include="vendors\MathGeoLib\include\Geometry\Triangle2D.h">
      <Filter>Vendors\MathGeoLib\Geometry</Filter>
    </ClInclude>
    <ClInclude Include="vendors\MathGeoLib\include\Geometry\TriangleMesh.h">
      <Filter>Vendors\MathGeoLib\Geometry</Filter>
    </ClInclude>
    <ClInclude Include="vendors\MathGeoLib\include\Algorithm\GJK.h">
      <Filter>Vendors\MathGeoLib\Algorithm</Filter>
    </ClInclude>
    <ClInclude Include="vendors\MathGeoLib\include\Algorithm\GJK2D.h">
      <Filter>Vendors\MathGeoLib\Algorithm</Filter>
    </ClInclude>
    <ClInclude Include="vendors\MathGeoLib\include\Algorithm\SAT.h">
      <Filter>Vendors\MathGeoLib\Algorithm</Filter>
    </ClInclude>
    <ClInclude Include="vendors\MathGeoLib\include\Algorithm\Random\LCG.h">
      <Filter>Vendors\MathGeoLib\Algorithm\Random</Filter>
    </ClInclude>
    <ClInclude Include="vendors\MathGeoLib\include\Time\Clock.h">
      <Filter>Vendors\MathGeoLib\Time</Filter>
    </ClInclude>
    <ClInclude Include="vendors\DevIL\include\IL\devil_cpp_wrapper.hpp">
      <Filter>Vendors\DevIL</Filter>
    </ClInclude>
    <ClInclude Include="vendors\DevIL\include\IL\devil_internal_exports.h">
      <Filter>Vendors\DevIL</Filter>
    </ClInclude>
    <ClInclude Include="vendors\DevIL\include\IL\il.h">
      <Filter>Vendors\DevIL</Filter>
    </ClInclude>
    <ClInclude Include="vendors\DevIL\include\IL\il_wrap.h">
      <Filter>Vendors\DevIL</Filter>
    </ClInclude>
    <ClInclude Include="vendors\DevIL\include\IL\ilu.h">
      <Filter>Vendors\DevIL</Filter>
    </ClInclude>
    <ClInclude Include="vendors\DevIL\include\IL\ilu_region.h">
      <Filter>Vendors\DevIL</Filter>
    </ClInclude>
    <ClInclude Include="vendors\DevIL\include\IL\ilut.h">
      <Filter>Vendors\DevIL</Filter>
    </ClInclude>
    <ClInclude Include="vendors\DevIL\include\IL\ilut_config.h">
      <Filter>Vendors\DevIL</Filter>
    </ClInclude>
    <ClInclude Include="vendors\SDL\include\begin_code.h">
      <Filter>Vendors\SDL</Filter>
    </ClInclude>
    <ClInclude Include="vendors\SDL\include\close_code.h">
      <Filter>Vendors\SDL</Filter>
    </ClInclude>
    <ClInclude Include="vendors\SDL\include\SDL.h">
      <Filter>Vendors\SDL</Filter>
    </ClInclude>
    <ClInclude Include="vendors\SDL\include\SDL_assert.h">
      <Filter>Vendors\SDL</Filter>
    </ClInclude>
    <ClInclude Include="vendors\SDL\include\SDL_atomic.h">
      <Filter>Vendors\SDL</Filter>
    </ClInclude>
    <ClInclude Include="vendors\SDL\include\SDL_audio.h">
      <Filter>Vendors\SDL</Filter>
    </ClInclude>
    <ClInclude Include="vendors\SDL\include\SDL_bits.h">
      <Filter>Vendors\SDL</Filter>
    </ClInclude>
    <ClInclude Include="vendors\SDL\include\SDL_blendmode.h">
      <Filter>Vendors\SDL</Filter>
    </ClInclude>
    <ClInclude Include="vendors\SDL\include\SDL_clipboard.h">
      <Filter>Vendors\SDL</Filter>
    </ClInclude>
    <ClInclude Include="vendors\SDL\include\SDL_config.h">
      <Filter>Vendors\SDL</Filter>
    </ClInclude>
    <ClInclude Include="vendors\SDL\include\SDL_config_android.h">
      <Filter>Vendors\SDL</Filter>
    </ClInclude>
    <ClInclude Include="vendors\SDL\include\SDL_config_iphoneos.h">
      <Filter>Vendors\SDL</Filter>
    </ClInclude>
    <ClInclude Include="vendors\SDL\include\SDL_config_macosx.h">
      <Filter>Vendors\SDL</Filter>
    </ClInclude>
    <ClInclude Include="vendors\SDL\include\SDL_config_minimal.h">
      <Filter>Vendors\SDL</Filter>
    </ClInclude>
    <ClInclude Include="vendors\SDL\include\SDL_config_pandora.h">
      <Filter>Vendors\SDL</Filter>
    </ClInclude>
    <ClInclude Include="vendors\SDL\include\SDL_config_psp.h">
      <Filter>Vendors\SDL</Filter>
    </ClInclude>
    <ClInclude Include="vendors\SDL\include\SDL_config_windows.h">
      <Filter>Vendors\SDL</Filter>
    </ClInclude>
    <ClInclude Include="vendors\SDL\include\SDL_config_winrt.h">
      <Filter>Vendors\SDL</Filter>
    </ClInclude>
    <ClInclude Include="vendors\SDL\include\SDL_config_wiz.h">
      <Filter>Vendors\SDL</Filter>
    </ClInclude>
    <ClInclude Include="vendors\SDL\include\SDL_copying.h">
      <Filter>Vendors\SDL</Filter>
    </ClInclude>
    <ClInclude Include="vendors\SDL\include\SDL_cpuinfo.h">
      <Filter>Vendors\SDL</Filter>
    </ClInclude>
    <ClInclude Include="vendors\SDL\include\SDL_egl.h">
      <Filter>Vendors\SDL</Filter>
    </ClInclude>
    <ClInclude Include="vendors\SDL\include\SDL_endian.h">
      <Filter>Vendors\SDL</Filter>
    </ClInclude>
    <ClInclude Include="vendors\SDL\include\SDL_error.h">
      <Filter>Vendors\SDL</Filter>
    </ClInclude>
    <ClInclude Include="vendors\SDL\include\SDL_events.h">
      <Filter>Vendors\SDL</Filter>
    </ClInclude>
    <ClInclude Include="vendors\SDL\include\SDL_filesystem.h">
      <Filter>Vendors\SDL</Filter>
    </ClInclude>
    <ClInclude Include="vendors\SDL\include\SDL_gamecontroller.h">
      <Filter>Vendors\SDL</Filter>
    </ClInclude>
    <ClInclude Include="vendors\SDL\include\SDL_gesture.h">
      <Filter>Vendors\SDL</Filter>
    </ClInclude>
    <ClInclude Include="vendors\SDL\include\SDL_haptic.h">
      <Filter>Vendors\SDL</Filter>
    </ClInclude>
    <ClInclude Include="vendors\SDL\include\SDL_hints.h">
      <Filter>Vendors\SDL</Filter>
    </ClInclude>
    <ClInclude Include="vendors\SDL\include\SDL_joystick.h">
      <Filter>Vendors\SDL</Filter>
    </ClInclude>
    <ClInclude Include="vendors\SDL\include\SDL_keyboard.h">
      <Filter>Vendors\SDL</Filter>
    </ClInclude>
    <ClInclude Include="vendors\SDL\include\SDL_keycode.h">
      <Filter>Vendors\SDL</Filter>
    </ClInclude>
    <ClInclude Include="vendors\SDL\include\SDL_loadso.h">
      <Filter>Vendors\SDL</Filter>
    </ClInclude>
    <ClInclude Include="vendors\SDL\include\SDL_locale.h">
      <Filter>Vendors\SDL</Filter>
    </ClInclude>
    <ClInclude Include="vendors\SDL\include\SDL_log.h">
      <Filter>Vendors\SDL</Filter>
    </ClInclude>
    <ClInclude Include="vendors\SDL\include\SDL_main.h">
      <Filter>Vendors\SDL</Filter>
    </ClInclude>
    <ClInclude Include="vendors\SDL\include\SDL_messagebox.h">
      <Filter>Vendors\SDL</Filter>
    </ClInclude>
    <ClInclude Include="vendors\SDL\include\SDL_metal.h">
      <Filter>Vendors\SDL</Filter>
    </ClInclude>
    <ClInclude Include="vendors\SDL\include\SDL_misc.h">
      <Filter>Vendors\SDL</Filter>
    </ClInclude>
    <ClInclude Include="vendors\SDL\include\SDL_mouse.h">
      <Filter>Vendors\SDL</Filter>
    </ClInclude>
    <ClInclude Include="vendors\SDL\include\SDL_mutex.h">
      <Filter>Vendors\SDL</Filter>
    </ClInclude>
    <ClInclude Include="vendors\SDL\include\SDL_name.h">
      <Filter>Vendors\SDL</Filter>
    </ClInclude>
    <ClInclude Include="vendors\SDL\include\SDL_opengl.h">
      <Filter>Vendors\SDL</Filter>
    </ClInclude>
    <ClInclude Include="vendors\SDL\include\SDL_opengl_glext.h">
      <Filter>Vendors\SDL</Filter>
    </ClInclude>
    <ClInclude Include="vendors\SDL\include\SDL_opengles.h">
      <Filter>Vendors\SDL</Filter>
    </ClInclude>
    <ClInclude Include="vendors\SDL\include\SDL_opengles2.h">
      <Filter>Vendors\SDL</Filter>
    </ClInclude>
    <ClInclude Include="vendors\SDL\include\SDL_opengles2_gl2.h">
      <Filter>Vendors\SDL</Filter>
    </ClInclude>
    <ClInclude Include="vendors\SDL\include\SDL_opengles2_gl2ext.h">
      <Filter>Vendors\SDL</Filter>
    </ClInclude>
    <ClInclude Include="vendors\SDL\include\SDL_opengles2_gl2platform.h">
      <Filter>Vendors\SDL</Filter>
    </ClInclude>
    <ClInclude Include="vendors\SDL\include\SDL_opengles2_khrplatform.h">
      <Filter>Vendors\SDL</Filter>
    </ClInclude>
    <ClInclude Include="vendors\SDL\include\SDL_pixels.h">
      <Filter>Vendors\SDL</Filter>
    </ClInclude>
    <ClInclude Include="vendors\SDL\include\SDL_platform.h">
      <Filter>Vendors\SDL</Filter>
    </ClInclude>
    <ClInclude Include="vendors\SDL\include\SDL_power.h">
      <Filter>Vendors\SDL</Filter>
    </ClInclude>
    <ClInclude Include="vendors\SDL\include\SDL_quit.h">
      <Filter>Vendors\SDL</Filter>
    </ClInclude>
    <ClInclude Include="vendors\SDL\include\SDL_rect.h">
      <Filter>Vendors\SDL</Filter>
    </ClInclude>
    <ClInclude Include="vendors\SDL\include\SDL_render.h">
      <Filter>Vendors\SDL</Filter>
    </ClInclude>
    <ClInclude Include="vendors\SDL\include\SDL_revision.h">
      <Filter>Vendors\SDL</Filter>
    </ClInclude>
    <ClInclude Include="vendors\SDL\include\SDL_rwops.h">
      <Filter>Vendors\SDL</Filter>
    </ClInclude>
    <ClInclude Include="vendors\SDL\include\SDL_scancode.h">
      <Filter>Vendors\SDL</Filter>
    </ClInclude>
    <ClInclude Include="vendors\SDL\include\SDL_sensor.h">
      <Filter>Vendors\SDL</Filter>
    </ClInclude>
    <ClInclude Include="vendors\SDL\include\SDL_shape.h">
      <Filter>Vendors\SDL</Filter>
    </ClInclude>
    <ClInclude Include="vendors\SDL\include\SDL_stdinc.h">
      <Filter>Vendors\SDL</Filter>
    </ClInclude>
    <ClInclude Include="vendors\SDL\include\SDL_surface.h">
      <Filter>Vendors\SDL</Filter>
    </ClInclude>
    <ClInclude Include="vendors\SDL\include\SDL_system.h">
      <Filter>Vendors\SDL</Filter>
    </ClInclude>
    <ClInclude Include="vendors\SDL\include\SDL_syswm.h">
      <Filter>Vendors\SDL</Filter>
    </ClInclude>
    <ClInclude Include="vendors\SDL\include\SDL_test.h">
      <Filter>Vendors\SDL</Filter>
    </ClInclude>
    <ClInclude Include="vendors\SDL\include\SDL_test_assert.h">
      <Filter>Vendors\SDL</Filter>
    </ClInclude>
    <ClInclude Include="vendors\SDL\include\SDL_test_common.h">
      <Filter>Vendors\SDL</Filter>
    </ClInclude>
    <ClInclude Include="vendors\SDL\include\SDL_test_compare.h">
      <Filter>Vendors\SDL</Filter>
    </ClInclude>
    <ClInclude Include="vendors\SDL\include\SDL_test_crc32.h">
      <Filter>Vendors\SDL</Filter>
    </ClInclude>
    <ClInclude Include="vendors\SDL\include\SDL_test_font.h">
      <Filter>Vendors\SDL</Filter>
    </ClInclude>
    <ClInclude Include="vendors\SDL\include\SDL_test_fuzzer.h">
      <Filter>Vendors\SDL</Filter>
    </ClInclude>
    <ClInclude Include="vendors\SDL\include\SDL_test_harness.h">
      <Filter>Vendors\SDL</Filter>
    </ClInclude>
    <ClInclude Include="vendors\SDL\include\SDL_test_images.h">
      <Filter>Vendors\SDL</Filter>
    </ClInclude>
    <ClInclude Include="vendors\SDL\include\SDL_test_log.h">
      <Filter>Vendors\SDL</Filter>
    </ClInclude>
    <ClInclude Include="vendors\SDL\include\SDL_test_md5.h">
      <Filter>Vendors\SDL</Filter>
    </ClInclude>
    <ClInclude Include="vendors\SDL\include\SDL_test_memory.h">
      <Filter>Vendors\SDL</Filter>
    </ClInclude>
    <ClInclude Include="vendors\SDL\include\SDL_test_random.h">
      <Filter>Vendors\SDL</Filter>
    </ClInclude>
    <ClInclude Include="vendors\SDL\include\SDL_thread.h">
      <Filter>Vendors\SDL</Filter>
    </ClInclude>
    <ClInclude Include="vendors\SDL\include\SDL_timer.h">
      <Filter>Vendors\SDL</Filter>
    </ClInclude>
    <ClInclude Include="vendors\SDL\include\SDL_touch.h">
      <Filter>Vendors\SDL</Filter>
    </ClInclude>
    <ClInclude Include="vendors\SDL\include\SDL_types.h">
      <Filter>Vendors\SDL</Filter>
    </ClInclude>
    <ClInclude Include="vendors\SDL\include\SDL_version.h">
      <Filter>Vendors\SDL</Filter>
    </ClInclude>
    <ClInclude Include="vendors\SDL\include\SDL_video.h">
      <Filter>Vendors\SDL</Filter>
    </ClInclude>
    <ClInclude Include="vendors\SDL\include\SDL_vulkan.h">
      <Filter>Vendors\SDL</Filter>
    </ClInclude>
    <ClInclude Include="vendors\glew-2.1.0\include\GL\eglew.h">
      <Filter>Vendors\Glew</Filter>
    </ClInclude>
    <ClInclude Include="vendors\glew-2.1.0\include\GL\glew.h">
      <Filter>Vendors\Glew</Filter>
    </ClInclude>
    <ClInclude Include="vendors\glew-2.1.0\include\GL\glxew.h">
      <Filter>Vendors\Glew</Filter>
    </ClInclude>
    <ClInclude Include="vendors\glew-2.1.0\include\GL\wglew.h">
      <Filter>Vendors\Glew</Filter>
    </ClInclude>
    <ClInclude Include="vendors\assimp\include\assimp\aabb.h">
      <Filter>Vendors\Assimp</Filter>
    </ClInclude>
    <ClInclude Include="vendors\assimp\include\assimp\ai_assert.h">
      <Filter>Vendors\Assimp</Filter>
    </ClInclude>
    <ClInclude Include="vendors\assimp\include\assimp\anim.h">
      <Filter>Vendors\Assimp</Filter>
    </ClInclude>
    <ClInclude Include="vendors\assimp\include\assimp\BaseImporter.h">
      <Filter>Vendors\Assimp</Filter>
    </ClInclude>
    <ClInclude Include="vendors\assimp\include\assimp\Bitmap.h">
      <Filter>Vendors\Assimp</Filter>
    </ClInclude>
    <ClInclude Include="vendors\assimp\include\assimp\BlobIOSystem.h">
      <Filter>Vendors\Assimp</Filter>
    </ClInclude>
    <ClInclude Include="vendors\assimp\include\assimp\ByteSwapper.h">
      <Filter>Vendors\Assimp</Filter>
    </ClInclude>
    <ClInclude Include="vendors\assimp\include\assimp\camera.h">
      <Filter>Vendors\Assimp</Filter>
    </ClInclude>
    <ClInclude Include="vendors\assimp\include\assimp\cexport.h">
      <Filter>Vendors\Assimp</Filter>
    </ClInclude>
    <ClInclude Include="vendors\assimp\include\assimp\cfileio.h">
      <Filter>Vendors\Assimp</Filter>
    </ClInclude>
    <ClInclude Include="vendors\assimp\include\assimp\cimport.h">
      <Filter>Vendors\Assimp</Filter>
    </ClInclude>
    <ClInclude Include="vendors\assimp\include\assimp\color4.h">
      <Filter>Vendors\Assimp</Filter>
    </ClInclude>
    <ClInclude Include="vendors\assimp\include\assimp\config.h">
      <Filter>Vendors\Assimp</Filter>
    </ClInclude>
    <ClInclude Include="vendors\assimp\include\assimp\CreateAnimMesh.h">
      <Filter>Vendors\Assimp</Filter>
    </ClInclude>
    <ClInclude Include="vendors\assimp\include\assimp\DefaultIOStream.h">
      <Filter>Vendors\Assimp</Filter>
    </ClInclude>
    <ClInclude Include="vendors\assimp\include\assimp\DefaultIOSystem.h">
      <Filter>Vendors\Assimp</Filter>
    </ClInclude>
    <ClInclude Include="vendors\assimp\include\assimp\DefaultLogger.hpp">
      <Filter>Vendors\Assimp</Filter>
    </ClInclude>
    <ClInclude Include="vendors\assimp\include\assimp\Defines.h">
      <Filter>Vendors\Assimp</Filter>
    </ClInclude>
    <ClInclude Include="vendors\assimp\include\assimp\defs.h">
      <Filter>Vendors\Assimp</Filter>
    </ClInclude>
    <ClInclude Include="vendors\assimp\include\assimp\Exceptional.h">
      <Filter>Vendors\Assimp</Filter>
    </ClInclude>
    <ClInclude Include="vendors\assimp\include\assimp\Exporter.hpp">
      <Filter>Vendors\Assimp</Filter>
    </ClInclude>
    <ClInclude Include="vendors\assimp\include\assimp\fast_atof.h">
      <Filter>Vendors\Assimp</Filter>
    </ClInclude>
    <ClInclude Include="vendors\assimp\include\assimp\GenericProperty.h">
      <Filter>Vendors\Assimp</Filter>
    </ClInclude>
    <ClInclude Include="vendors\assimp\include\assimp\Hash.h">
      <Filter>Vendors\Assimp</Filter>
    </ClInclude>
    <ClInclude Include="vendors\assimp\include\assimp\Importer.hpp">
      <Filter>Vendors\Assimp</Filter>
    </ClInclude>
    <ClInclude Include="vendors\assimp\include\assimp\importerdesc.h">
      <Filter>Vendors\Assimp</Filter>
    </ClInclude>
    <ClInclude Include="vendors\assimp\include\assimp\IOStream.hpp">
      <Filter>Vendors\Assimp</Filter>
    </ClInclude>
    <ClInclude Include="vendors\assimp\include\assimp\IOStreamBuffer.h">
      <Filter>Vendors\Assimp</Filter>
    </ClInclude>
    <ClInclude Include="vendors\assimp\include\assimp\IOSystem.hpp">
      <Filter>Vendors\Assimp</Filter>
    </ClInclude>
    <ClInclude Include="vendors\assimp\include\assimp\irrXMLWrapper.h">
      <Filter>Vendors\Assimp</Filter>
    </ClInclude>
    <ClInclude Include="vendors\assimp\include\assimp\light.h">
      <Filter>Vendors\Assimp</Filter>
    </ClInclude>
    <ClInclude Include="vendors\assimp\include\assimp\LineSplitter.h">
      <Filter>Vendors\Assimp</Filter>
    </ClInclude>
    <ClInclude Include="vendors\assimp\include\assimp\LogAux.h">
      <Filter>Vendors\Assimp</Filter>
    </ClInclude>
    <ClInclude Include="vendors\assimp\include\assimp\Logger.hpp">
      <Filter>Vendors\Assimp</Filter>
    </ClInclude>
    <ClInclude Include="vendors\assimp\include\assimp\LogStream.hpp">
      <Filter>Vendors\Assimp</Filter>
    </ClInclude>
    <ClInclude Include="vendors\assimp\include\assimp\Macros.h">
      <Filter>Vendors\Assimp</Filter>
    </ClInclude>
    <ClInclude Include="vendors\assimp\include\assimp\material.h">
      <Filter>Vendors\Assimp</Filter>
    </ClInclude>
    <ClInclude Include="vendors\assimp\include\assimp\MathFunctions.h">
      <Filter>Vendors\Assimp</Filter>
    </ClInclude>
    <ClInclude Include="vendors\assimp\include\assimp\matrix3x3.h">
      <Filter>Vendors\Assimp</Filter>
    </ClInclude>
    <ClInclude Include="vendors\assimp\include\assimp\matrix4x4.h">
      <Filter>Vendors\Assimp</Filter>
    </ClInclude>
    <ClInclude Include="vendors\assimp\include\assimp\MemoryIOWrapper.h">
      <Filter>Vendors\Assimp</Filter>
    </ClInclude>
    <ClInclude Include="vendors\assimp\include\assimp\mesh.h">
      <Filter>Vendors\Assimp</Filter>
    </ClInclude>
    <ClInclude Include="vendors\assimp\include\assimp\metadata.h">
      <Filter>Vendors\Assimp</Filter>
    </ClInclude>
    <ClInclude Include="vendors\assimp\include\assimp\NullLogger.hpp">
      <Filter>Vendors\Assimp</Filter>
    </ClInclude>
    <ClInclude Include="vendors\assimp\include\assimp\ParsingUtils.h">
      <Filter>Vendors\Assimp</Filter>
    </ClInclude>
    <ClInclude Include="vendors\assimp\include\assimp\pbrmaterial.h">
      <Filter>Vendors\Assimp</Filter>
    </ClInclude>
    <ClInclude Include="vendors\assimp\include\assimp\postprocess.h">
      <Filter>Vendors\Assimp</Filter>
    </ClInclude>
    <ClInclude Include="vendors\assimp\include\assimp\Profiler.h">
      <Filter>Vendors\Assimp</Filter>
    </ClInclude>
    <ClInclude Include="vendors\assimp\include\assimp\ProgressHandler.hpp">
      <Filter>Vendors\Assimp</Filter>
    </ClInclude>
    <ClInclude Include="vendors\assimp\include\assimp\qnan.h">
      <Filter>Vendors\Assimp</Filter>
    </ClInclude>
    <ClInclude Include="vendors\assimp\include\assimp\quaternion.h">
      <Filter>Vendors\Assimp</Filter>
    </ClInclude>
    <ClInclude Include="vendors\assimp\include\assimp\RemoveComments.h">
      <Filter>Vendors\Assimp</Filter>
    </ClInclude>
    <ClInclude Include="vendors\assimp\include\assimp\scene.h">
      <Filter>Vendors\Assimp</Filter>
    </ClInclude>
    <ClInclude Include="vendors\assimp\include\assimp\SceneCombiner.h">
      <Filter>Vendors\Assimp</Filter>
    </ClInclude>
    <ClInclude Include="vendors\assimp\include\assimp\SGSpatialSort.h">
      <Filter>Vendors\Assimp</Filter>
    </ClInclude>
    <ClInclude Include="vendors\assimp\include\assimp\SkeletonMeshBuilder.h">
      <Filter>Vendors\Assimp</Filter>
    </ClInclude>
    <ClInclude Include="vendors\assimp\include\assimp\SmoothingGroups.h">
      <Filter>Vendors\Assimp</Filter>
    </ClInclude>
    <ClInclude Include="vendors\assimp\include\assimp\SpatialSort.h">
      <Filter>Vendors\Assimp</Filter>
    </ClInclude>
    <ClInclude Include="vendors\assimp\include\assimp\StandardShapes.h">
      <Filter>Vendors\Assimp</Filter>
    </ClInclude>
    <ClInclude Include="vendors\assimp\include\assimp\StreamReader.h">
      <Filter>Vendors\Assimp</Filter>
    </ClInclude>
    <ClInclude Include="vendors\assimp\include\assimp\StreamWriter.h">
      <Filter>Vendors\Assimp</Filter>
    </ClInclude>
    <ClInclude Include="vendors\assimp\include\assimp\StringComparison.h">
      <Filter>Vendors\Assimp</Filter>
    </ClInclude>
    <ClInclude Include="vendors\assimp\include\assimp\StringUtils.h">
      <Filter>Vendors\Assimp</Filter>
    </ClInclude>
    <ClInclude Include="vendors\assimp\include\assimp\Subdivision.h">
      <Filter>Vendors\Assimp</Filter>
    </ClInclude>
    <ClInclude Include="vendors\assimp\include\assimp\texture.h">
      <Filter>Vendors\Assimp</Filter>
    </ClInclude>
    <ClInclude Include="vendors\assimp\include\assimp\TinyFormatter.h">
      <Filter>Vendors\Assimp</Filter>
    </ClInclude>
    <ClInclude Include="vendors\assimp\include\assimp\types.h">
      <Filter>Vendors\Assimp</Filter>
    </ClInclude>
    <ClInclude Include="vendors\assimp\include\assimp\vector2.h">
      <Filter>Vendors\Assimp</Filter>
    </ClInclude>
    <ClInclude Include="vendors\assimp\include\assimp\vector3.h">
      <Filter>Vendors\Assimp</Filter>
    </ClInclude>
    <ClInclude Include="vendors\assimp\include\assimp\version.h">
      <Filter>Vendors\Assimp</Filter>
    </ClInclude>
    <ClInclude Include="vendors\assimp\include\assimp\Vertex.h">
      <Filter>Vendors\Assimp</Filter>
    </ClInclude>
    <ClInclude Include="vendors\assimp\include\assimp\XMLTools.h">
      <Filter>Vendors\Assimp</Filter>
    </ClInclude>
    <ClInclude Include="vendors\assimp\include\assimp\ZipArchiveIOSystem.h">
      <Filter>Vendors\Assimp</Filter>
    </ClInclude>
    <ClInclude Include="vendors\assimp\include\assimp\Compiler\poppack1.h">
      <Filter>Vendors\Assimp\Compiler</Filter>
    </ClInclude>
    <ClInclude Include="vendors\assimp\include\assimp\Compiler\pstdint.h">
      <Filter>Vendors\Assimp\Compiler</Filter>
    </ClInclude>
    <ClInclude Include="vendors\assimp\include\assimp\Compiler\pushpack1.h">
      <Filter>Vendors\Assimp\Compiler</Filter>
    </ClInclude>
    <ClInclude Include="vendors\assimp\include\assimp\port\AndroidJNI\AndroidJNIIOSystem.h">
      <Filter>Vendors\Assimp\port\AndroidJNI</Filter>
    </ClInclude>
    <ClInclude Include="src\ui\components\ConsolePanel.h">
      <Filter>UI\Components</Filter>
    </ClInclude>
    <ClInclude Include="src\core\logging\ConsoleLogger.h">
      <Filter>Logging</Filter>
    </ClInclude>
    <ClInclude Include="src\core\logging\ImGuiLogger.h">
      <Filter>Logging</Filter>
    </ClInclude>
    <ClInclude Include="src\core\util\Timer.h">
      <Filter>Util</Filter>
    </ClInclude>
    <ClInclude Include="src\core\util\Files.h">
      <Filter>Util</Filter>
    </ClInclude>
    <ClInclude Include="src\instrumentation\Statistics.h">
      <Filter>Instrumentation</Filter>
    </ClInclude>
    <ClInclude Include="src\core\GameOptions.h">
      <Filter>Core</Filter>
    </ClInclude>
    <ClInclude Include="src\modules\ModuleScene.h">
      <Filter>Modules</Filter>
    </ClInclude>
    <ClInclude Include="vendors\debugdraw\debug_draw.hpp">
      <Filter>Vendors\DebugDraw</Filter>
    </ClInclude>
    <ClInclude Include="vendors\debugdraw\debugdraw.h">
      <Filter>Vendors\DebugDraw</Filter>
    </ClInclude>
    <ClInclude Include="src\modules\ModuleDebugDraw.h">
      <Filter>Modules</Filter>
    </ClInclude>
    <ClInclude Include="src\core\rendering\FrameBuffer.h">
      <Filter>Core\Rendering</Filter>
    </ClInclude>
    <ClInclude Include="src\ui\widgets\AxisSlider.h">
      <Filter>UI\widgets</Filter>
    </ClInclude>
    <ClInclude Include="src\core\util\Cache.h">
      <Filter>Util</Filter>
    </ClInclude>
    <ClInclude Include="src\core\rendering\Bindable.h">
      <Filter>Core\Rendering</Filter>
    </ClInclude>
    <ClInclude Include="src\instrumentation\MemoryLeaks.h">
      <Filter>Instrumentation</Filter>
    </ClInclude>
    <ClInclude Include="src\core\logging\Logger.h">
      <Filter>Logging</Filter>
    </ClInclude>
    <ClInclude Include="src\core\ErrorHandler.h">
      <Filter>Core</Filter>
    </ClInclude>
    <ClInclude Include="src\modules\ModuleTexture.h">
      <Filter>Modules</Filter>
    </ClInclude>
    <ClInclude Include="src\modules\ModuleProgram.h">
      <Filter>Modules</Filter>
    </ClInclude>
    <ClInclude Include="src\core\rendering\Model.h">
      <Filter>Core\Rendering</Filter>
    </ClInclude>
    <ClInclude Include="src\core\rendering\Mesh.h">
      <Filter>Core\Rendering</Filter>
    </ClInclude>
    <ClInclude Include="src\modules\ModuleEditor.h">
      <Filter>Modules</Filter>
    </ClInclude>
    <ClInclude Include="src\modules\ModuleResources.h">
      <Filter>Modules</Filter>
    </ClInclude>
    <ClInclude Include="src\core\util\StringUtils.h">
      <Filter>Util</Filter>
    </ClInclude>
    <ClInclude Include="src\modules\ModuleCamera.h" />
  </ItemGroup>
  <ItemGroup>
    <Filter Include="Modules">
      <UniqueIdentifier>{c98c3398-cea2-4a8b-9073-0ea272f2dbad}</UniqueIdentifier>
    </Filter>
    <Filter Include="Util">
      <UniqueIdentifier>{afdc2dc0-2acd-44c7-86d4-eae02e7077e4}</UniqueIdentifier>
    </Filter>
    <Filter Include="Vendors">
      <UniqueIdentifier>{7245133f-7871-47b7-912a-f9d8eec3ce74}</UniqueIdentifier>
    </Filter>
    <Filter Include="Vendors\SDL">
      <UniqueIdentifier>{3b4a8bbb-c7a5-4741-8d07-89ca8302a506}</UniqueIdentifier>
    </Filter>
    <Filter Include="Vendors\ImGui">
      <UniqueIdentifier>{97b3f8ec-a216-4bb2-8c83-b026284f8c3e}</UniqueIdentifier>
    </Filter>
    <Filter Include="Vendors\Glew">
      <UniqueIdentifier>{40259142-d59f-4b4c-a4e1-516c41ba07c4}</UniqueIdentifier>
    </Filter>
    <Filter Include="Vendors\DevIL">
      <UniqueIdentifier>{5ea59bde-ed8f-44c0-8aaa-e73d5970ff05}</UniqueIdentifier>
    </Filter>
    <Filter Include="Vendors\Assimp">
      <UniqueIdentifier>{54874f14-d5fc-486f-9a7b-13604339acba}</UniqueIdentifier>
    </Filter>
    <Filter Include="Vendors\Assimp\Compiler">
      <UniqueIdentifier>{4ba58de2-489a-4fc7-9c2e-ea2b765d5cbe}</UniqueIdentifier>
    </Filter>
    <Filter Include="Vendors\Assimp\port">
      <UniqueIdentifier>{f3d4531f-c00f-4bc2-b318-daac4ccf94fe}</UniqueIdentifier>
    </Filter>
    <Filter Include="Vendors\Assimp\port\AndroidJNI">
      <UniqueIdentifier>{d497ccda-f114-4a90-85bc-b0bb8dfcc85f}</UniqueIdentifier>
    </Filter>
    <Filter Include="Logging">
      <UniqueIdentifier>{046b570b-7fcc-4775-ae74-377e1b98d904}</UniqueIdentifier>
    </Filter>
    <Filter Include="Vendors\MathGeoLib">
      <UniqueIdentifier>{83455d11-84b9-4c0b-993c-9fbe64a0c026}</UniqueIdentifier>
    </Filter>
    <Filter Include="Vendors\MathGeoLib\Math">
      <UniqueIdentifier>{e3230658-f62a-434f-9a1c-b392f5486d29}</UniqueIdentifier>
    </Filter>
    <Filter Include="Vendors\MathGeoLib\Time">
      <UniqueIdentifier>{9331a2a7-0b5f-4bb0-94d3-60afc1549294}</UniqueIdentifier>
    </Filter>
    <Filter Include="Vendors\MathGeoLib\Geometry">
      <UniqueIdentifier>{bcc0dfcd-af47-4a26-b9ba-49d7c26e0ee5}</UniqueIdentifier>
    </Filter>
    <Filter Include="Vendors\MathGeoLib\Algorithm">
      <UniqueIdentifier>{b9679e4f-2a68-4ce5-bb63-f15b9261437a}</UniqueIdentifier>
    </Filter>
    <Filter Include="Vendors\MathGeoLib\Algorithm\Random">
      <UniqueIdentifier>{f340fb0f-fa55-4172-89a9-2cbc34f3e16b}</UniqueIdentifier>
    </Filter>
    <Filter Include="Instrumentation">
      <UniqueIdentifier>{1804d9ac-2391-4b39-97c1-e40bf9734fa9}</UniqueIdentifier>
    </Filter>
    <Filter Include="Core">
      <UniqueIdentifier>{c0abde9a-4e76-4bd9-9a0b-f138ea04ab0d}</UniqueIdentifier>
    </Filter>
    <Filter Include="Vendors\DebugDraw">
      <UniqueIdentifier>{800e839f-592b-4ee8-bc11-22b66149f852}</UniqueIdentifier>
    </Filter>
    <Filter Include="Core\Rendering">
      <UniqueIdentifier>{826cf4e3-3ba7-47fc-898e-ce9eac655d7b}</UniqueIdentifier>
    </Filter>
    <Filter Include="UI">
      <UniqueIdentifier>{39f34f71-b9a7-4b39-899b-beaad649842f}</UniqueIdentifier>
    </Filter>
    <Filter Include="UI\Components">
      <UniqueIdentifier>{8a267a5f-5060-4ee5-b50c-e70d4cf31796}</UniqueIdentifier>
    </Filter>
    <Filter Include="UI\widgets">
      <UniqueIdentifier>{8e620f12-250d-4a24-a78c-3ca347d86922}</UniqueIdentifier>
    </Filter>
    <Filter Include="Shaders">
      <UniqueIdentifier>{08ea9f15-9e0f-49ca-8a06-f19f6a4d4d44}</UniqueIdentifier>
    </Filter>
  </ItemGroup>
  <ItemGroup>
    <None Include="vendors\MathGeoLib\include\Math\float2.inl">
      <Filter>Vendors\MathGeoLib\Math</Filter>
    </None>
    <None Include="vendors\MathGeoLib\include\Math\Matrix.inl">
      <Filter>Vendors\MathGeoLib\Math</Filter>
    </None>
    <None Include="vendors\MathGeoLib\include\Geometry\KDTree.inl">
      <Filter>Vendors\MathGeoLib\Geometry</Filter>
    </None>
    <None Include="vendors\MathGeoLib\include\Geometry\QuadTree.inl">
      <Filter>Vendors\MathGeoLib\Geometry</Filter>
    </None>
    <None Include="vendors\MathGeoLib\include\Geometry\TriangleMesh_IntersectRay_AVX.inl">
      <Filter>Vendors\MathGeoLib\Geometry</Filter>
    </None>
    <None Include="vendors\MathGeoLib\include\Geometry\TriangleMesh_IntersectRay_CPP.inl">
      <Filter>Vendors\MathGeoLib\Geometry</Filter>
    </None>
    <None Include="vendors\MathGeoLib\include\Geometry\TriangleMesh_IntersectRay_SSE.inl">
      <Filter>Vendors\MathGeoLib\Geometry</Filter>
    </None>
    <None Include="vendors\DevIL\include\IL\build-lua">
      <Filter>Vendors\DevIL</Filter>
    </None>
    <None Include="vendors\DevIL\include\IL\build-python">
      <Filter>Vendors\DevIL</Filter>
    </None>
    <None Include="vendors\DevIL\include\IL\config.h.win">
      <Filter>Vendors\DevIL</Filter>
    </None>
    <None Include="vendors\DevIL\include\IL\DevIL.i">
      <Filter>Vendors\DevIL</Filter>
    </None>
    <None Include="vendors\DevIL\include\IL\stamp-h.in">
      <Filter>Vendors\DevIL</Filter>
    </None>
    <None Include="vendors\SDL\include\SDL_config.h.cmake">
      <Filter>Vendors\SDL</Filter>
    </None>
    <None Include="vendors\SDL\include\SDL_config.h.in">
      <Filter>Vendors\SDL</Filter>
    </None>
    <None Include="vendors\SDL\include\SDL_config_macosx.h.orig">
      <Filter>Vendors\SDL</Filter>
    </None>
    <None Include="vendors\assimp\include\assimp\color4.inl">
      <Filter>Vendors\Assimp</Filter>
    </None>
    <None Include="vendors\assimp\include\assimp\config.h.in">
      <Filter>Vendors\Assimp</Filter>
    </None>
    <None Include="vendors\assimp\include\assimp\material.inl">
      <Filter>Vendors\Assimp</Filter>
    </None>
    <None Include="vendors\assimp\include\assimp\matrix3x3.inl">
      <Filter>Vendors\Assimp</Filter>
    </None>
    <None Include="vendors\assimp\include\assimp\matrix4x4.inl">
      <Filter>Vendors\Assimp</Filter>
    </None>
    <None Include="vendors\assimp\include\assimp\quaternion.inl">
      <Filter>Vendors\Assimp</Filter>
    </None>
    <None Include="vendors\assimp\include\assimp\SmoothingGroups.inl">
      <Filter>Vendors\Assimp</Filter>
    </None>
    <None Include="vendors\assimp\include\assimp\vector2.inl">
      <Filter>Vendors\Assimp</Filter>
    </None>
    <None Include="vendors\assimp\include\assimp\vector3.inl">
      <Filter>Vendors\Assimp</Filter>
    </None>
    <None Include="..\Game\assets\shaders\fragmentTexture.glsl">
      <Filter>Shaders</Filter>
    </None>
    <None Include="..\Game\assets\shaders\vertexTexture.glsl">
      <Filter>Shaders</Filter>
    </None>
  </ItemGroup>
  <ItemGroup>
    <Text Include="licenses\LICENSE.TXT" />
  </ItemGroup>
</Project>